
Microsoft Visual Studio Solution File, Format Version 12.00
# Visual Studio Version 17
VisualStudioVersion = 17.4.33205.214
MinimumVisualStudioVersion = 10.0.40219.1
Project("{FAE04EC0-301F-11D3-BF4B-00C04F79EFBC}") = "oppgaver", "oppgaver\oppgaver.csproj", "{C0638798-E9AF-41C9-847F-D6BAFA953719}"
EndProject
Global
	GlobalSection(SolutionConfigurationPlatforms) = preSolution
		Debug|Any CPU = Debug|Any CPU
		Release|Any CPU = Release|Any CPU
	EndGlobalSection
	GlobalSection(ProjectConfigurationPlatforms) = postSolution
		{C0638798-E9AF-41C9-847F-D6BAFA953719}.Debug|Any CPU.ActiveCfg = Debug|Any CPU
		{C0638798-E9AF-41C9-847F-D6BAFA953719}.Debug|Any CPU.Build.0 = Debug|Any CPU
		{C0638798-E9AF-41C9-847F-D6BAFA953719}.Release|Any CPU.ActiveCfg = Release|Any CPU
		{C0638798-E9AF-41C9-847F-D6BAFA953719}.Release|Any CPU.Build.0 = Release|Any CPU
	EndGlobalSection
	GlobalSection(SolutionProperties) = preSolution
		HideSolutionNode = FALSE
	EndGlobalSection
	GlobalSection(ExtensibilityGlobals) = postSolution
		SolutionGuid = {38DAEF1F-05D3-446F-905B-97CB57732A2B}
	EndGlobalSection
EndGlobal
